<Solution>
  <Project Path="../MultilangApp/MultilangApp.csproj" Id="2df0316f-a393-47fc-b5e1-eada3afb6fee">
    <Deploy />
  </Project>
  <Project Path="../PetGallery/PetGallery.csproj" Id="479c6301-afee-452b-8538-21226467603c" />
  <Project Path="../TicTocTrull/TicTocTrull.csproj" Id="70c91911-b766-4e90-9d10-7c24b9dd0587">
    <Deploy />
  </Project>
  <Project Path="naidis_TARge25.csproj">
    <Deploy />
  </Project>
</Solution>
